
Microsoft Visual Studio Solution File, Format Version 12.00
# Visual Studio Version 17
VisualStudioVersion = 17.3.32929.385
MinimumVisualStudioVersion = 10.0.40219.1
Project("{9A19103F-16F7-4668-BE54-9A1E7A4F7556}") = "ProjetoHackathon.Api", "ProjetoHackathon.Api\ProjetoHackathon.Api.csproj", "{E31C95F2-BA1B-4952-A738-2323EE28A0EF}"
	ProjectSection(ProjectDependencies) = postProject
		{B615E3D1-FDF6-4913-AB9B-31E4599A36A6} = {B615E3D1-FDF6-4913-AB9B-31E4599A36A6}
		{F7D028E2-A1E7-48CB-99F3-C5B8869F93BF} = {F7D028E2-A1E7-48CB-99F3-C5B8869F93BF}
	EndProjectSection
EndProject
Project("{9A19103F-16F7-4668-BE54-9A1E7A4F7556}") = "ProjetoHackathon.Domain", "ProjetoHackathon.Domain\ProjetoHackathon.Domain.csproj", "{F7D028E2-A1E7-48CB-99F3-C5B8869F93BF}"
EndProject
Project("{9A19103F-16F7-4668-BE54-9A1E7A4F7556}") = "ProjetoHackathon.Infra", "ProjetoHackathon.Infra\ProjetoHackathon.Infra.csproj", "{B615E3D1-FDF6-4913-AB9B-31E4599A36A6}"
	ProjectSection(ProjectDependencies) = postProject
		{F7D028E2-A1E7-48CB-99F3-C5B8869F93BF} = {F7D028E2-A1E7-48CB-99F3-C5B8869F93BF}
	EndProjectSection
EndProject
Global
	GlobalSection(SolutionConfigurationPlatforms) = preSolution
		Debug|Any CPU = Debug|Any CPU
		Release|Any CPU = Release|Any CPU
	EndGlobalSection
	GlobalSection(ProjectConfigurationPlatforms) = postSolution
		{E31C95F2-BA1B-4952-A738-2323EE28A0EF}.Debug|Any CPU.ActiveCfg = Debug|Any CPU
		{E31C95F2-BA1B-4952-A738-2323EE28A0EF}.Debug|Any CPU.Build.0 = Debug|Any CPU
		{E31C95F2-BA1B-4952-A738-2323EE28A0EF}.Release|Any CPU.ActiveCfg = Release|Any CPU
		{E31C95F2-BA1B-4952-A738-2323EE28A0EF}.Release|Any CPU.Build.0 = Release|Any CPU
		{F7D028E2-A1E7-48CB-99F3-C5B8869F93BF}.Debug|Any CPU.ActiveCfg = Debug|Any CPU
		{F7D028E2-A1E7-48CB-99F3-C5B8869F93BF}.Debug|Any CPU.Build.0 = Debug|Any CPU
		{F7D028E2-A1E7-48CB-99F3-C5B8869F93BF}.Release|Any CPU.ActiveCfg = Release|Any CPU
		{F7D028E2-A1E7-48CB-99F3-C5B8869F93BF}.Release|Any CPU.Build.0 = Release|Any CPU
		{B615E3D1-FDF6-4913-AB9B-31E4599A36A6}.Debug|Any CPU.ActiveCfg = Debug|Any CPU
		{B615E3D1-FDF6-4913-AB9B-31E4599A36A6}.Debug|Any CPU.Build.0 = Debug|Any CPU
		{B615E3D1-FDF6-4913-AB9B-31E4599A36A6}.Release|Any CPU.ActiveCfg = Release|Any CPU
		{B615E3D1-FDF6-4913-AB9B-31E4599A36A6}.Release|Any CPU.Build.0 = Release|Any CPU
	EndGlobalSection
	GlobalSection(SolutionProperties) = preSolution
		HideSolutionNode = FALSE
	EndGlobalSection
	GlobalSection(ExtensibilityGlobals) = postSolution
		SolutionGuid = {8E285B03-65CA-4033-9FDA-7A62EE39AF02}
	EndGlobalSection
EndGlobal
